
Microsoft Visual Studio Solution File, Format Version 12.00
# Visual Studio Version 16
VisualStudioVersion = 16.0.28803.156
MinimumVisualStudioVersion = 10.0.40219.1
Project("{8BC9CEB8-8B4A-11D0-8D11-00A0C91BC942}") = "vector4", "vector4\vector4.vcxproj", "{597B4203-1D3F-42F6-BD03-4E9073DF8430}"
EndProject
Global
	GlobalSection(SolutionConfigurationPlatforms) = preSolution
		Debug|x64 = Debug|x64
		Debug|x86 = Debug|x86
		Release|x64 = Release|x64
		Release|x86 = Release|x86
	EndGlobalSection
	GlobalSection(ProjectConfigurationPlatforms) = postSolution
		{597B4203-1D3F-42F6-BD03-4E9073DF8430}.Debug|x64.ActiveCfg = Debug|x64
		{597B4203-1D3F-42F6-BD03-4E9073DF8430}.Debug|x64.Build.0 = Debug|x64
		{597B4203-1D3F-42F6-BD03-4E9073DF8430}.Debug|x86.ActiveCfg = Debug|Win32
		{597B4203-1D3F-42F6-BD03-4E9073DF8430}.Debug|x86.Build.0 = Debug|Win32
		{597B4203-1D3F-42F6-BD03-4E9073DF8430}.Release|x64.ActiveCfg = Release|x64
		{597B4203-1D3F-42F6-BD03-4E9073DF8430}.Release|x64.Build.0 = Release|x64
		{597B4203-1D3F-42F6-BD03-4E9073DF8430}.Release|x86.ActiveCfg = Release|Win32
		{597B4203-1D3F-42F6-BD03-4E9073DF8430}.Release|x86.Build.0 = Release|Win32
	EndGlobalSection
	GlobalSection(SolutionProperties) = preSolution
		HideSolutionNode = FALSE
	EndGlobalSection
	GlobalSection(ExtensibilityGlobals) = postSolution
		SolutionGuid = {332A29D0-A2E1-4811-9A70-1BB4494782E8}
	EndGlobalSection
EndGlobal
